
Microsoft Visual Studio Solution File, Format Version 12.00
# Visual Studio Version 17
VisualStudioVersion = 17.14.36811.4 d17.14
MinimumVisualStudioVersion = 10.0.40219.1
Project("{FAE04EC0-301F-11D3-BF4B-00C04F79EFBC}") = "ProductManagementApi", "ProductManagementApi\ProductManagementApi.csproj", "{0D4F6F30-B002-45A4-9143-1BA9766A3FDE}"
EndProject
Project("{FAE04EC0-301F-11D3-BF4B-00C04F79EFBC}") = "ProductManagementApi.Tests", "ProductManagementApi.Tests\ProductManagementApi.Tests.csproj", "{AFC7EB62-DA11-498F-BC29-202C87E28D56}"
EndProject
Global
	GlobalSection(SolutionConfigurationPlatforms) = preSolution
		Debug|Any CPU = Debug|Any CPU
		Release|Any CPU = Release|Any CPU
	EndGlobalSection
	GlobalSection(ProjectConfigurationPlatforms) = postSolution
		{0D4F6F30-B002-45A4-9143-1BA9766A3FDE}.Debug|Any CPU.ActiveCfg = Debug|Any CPU
		{0D4F6F30-B002-45A4-9143-1BA9766A3FDE}.Debug|Any CPU.Build.0 = Debug|Any CPU
		{0D4F6F30-B002-45A4-9143-1BA9766A3FDE}.Release|Any CPU.ActiveCfg = Release|Any CPU
		{0D4F6F30-B002-45A4-9143-1BA9766A3FDE}.Release|Any CPU.Build.0 = Release|Any CPU
		{AFC7EB62-DA11-498F-BC29-202C87E28D56}.Debug|Any CPU.ActiveCfg = Debug|Any CPU
		{AFC7EB62-DA11-498F-BC29-202C87E28D56}.Debug|Any CPU.Build.0 = Debug|Any CPU
		{AFC7EB62-DA11-498F-BC29-202C87E28D56}.Release|Any CPU.ActiveCfg = Release|Any CPU
		{AFC7EB62-DA11-498F-BC29-202C87E28D56}.Release|Any CPU.Build.0 = Release|Any CPU
	EndGlobalSection
	GlobalSection(SolutionProperties) = preSolution
		HideSolutionNode = FALSE
	EndGlobalSection
	GlobalSection(ExtensibilityGlobals) = postSolution
		SolutionGuid = {7F9DE85C-01F5-4AB0-A2C9-9A3AEF831DC0}
	EndGlobalSection
EndGlobal
